
Microsoft Visual Studio Solution File, Format Version 12.00
# Visual Studio Version 16
VisualStudioVersion = 16.0.32228.343
MinimumVisualStudioVersion = 10.0.40219.1
Project("{9A19103F-16F7-4668-BE54-9A1E7A4F7556}") = "SecApiReportStructureLoader", "SecApiReportStructureLoader\SecApiReportStructureLoader.csproj", "{37F50474-6E2C-407C-8B14-E44FCAB911AF}"
EndProject
Project("{9A19103F-16F7-4668-BE54-9A1E7A4F7556}") = "SecApiReportStructureLoader.Tests", "SecApiReportStructureLoader.Tests\SecApiReportStructureLoader.Tests.csproj", "{EA0318C4-4CA5-45E4-97B8-2F8849F10E2F}"
EndProject
Global
	GlobalSection(SolutionConfigurationPlatforms) = preSolution
		Debug|Any CPU = Debug|Any CPU
		Release|Any CPU = Release|Any CPU
	EndGlobalSection
	GlobalSection(ProjectConfigurationPlatforms) = postSolution
		{37F50474-6E2C-407C-8B14-E44FCAB911AF}.Debug|Any CPU.ActiveCfg = Debug|Any CPU
		{37F50474-6E2C-407C-8B14-E44FCAB911AF}.Debug|Any CPU.Build.0 = Debug|Any CPU
		{37F50474-6E2C-407C-8B14-E44FCAB911AF}.Release|Any CPU.ActiveCfg = Release|Any CPU
		{37F50474-6E2C-407C-8B14-E44FCAB911AF}.Release|Any CPU.Build.0 = Release|Any CPU
		{EA0318C4-4CA5-45E4-97B8-2F8849F10E2F}.Debug|Any CPU.ActiveCfg = Debug|Any CPU
		{EA0318C4-4CA5-45E4-97B8-2F8849F10E2F}.Debug|Any CPU.Build.0 = Debug|Any CPU
		{EA0318C4-4CA5-45E4-97B8-2F8849F10E2F}.Release|Any CPU.ActiveCfg = Release|Any CPU
		{EA0318C4-4CA5-45E4-97B8-2F8849F10E2F}.Release|Any CPU.Build.0 = Release|Any CPU
	EndGlobalSection
	GlobalSection(SolutionProperties) = preSolution
		HideSolutionNode = FALSE
	EndGlobalSection
	GlobalSection(ExtensibilityGlobals) = postSolution
		SolutionGuid = {053B7E83-3562-47D5-B068-03C68A88CF8E}
	EndGlobalSection
EndGlobal
